
Microsoft Visual Studio Solution File, Format Version 12.00
# Visual Studio Version 17
VisualStudioVersion = 17.1.32228.430
MinimumVisualStudioVersion = 10.0.40219.1
Project("{FAE04EC0-301F-11D3-BF4B-00C04F79EFBC}") = "Server", "Server.csproj", "{825C023B-134C-46F5-A9AF-B716E9141D43}"
EndProject
Project("{FAE04EC0-301F-11D3-BF4B-00C04F79EFBC}") = "Client", "..\Client\Client.csproj", "{DE13E68E-5742-4B36-92E9-DC94051DD1EC}"
EndProject
Global
	GlobalSection(SolutionConfigurationPlatforms) = preSolution
		Debug|Any CPU = Debug|Any CPU
		Release|Any CPU = Release|Any CPU
	EndGlobalSection
	GlobalSection(ProjectConfigurationPlatforms) = postSolution
		{825C023B-134C-46F5-A9AF-B716E9141D43}.Debug|Any CPU.ActiveCfg = Debug|Any CPU
		{825C023B-134C-46F5-A9AF-B716E9141D43}.Debug|Any CPU.Build.0 = Debug|Any CPU
		{825C023B-134C-46F5-A9AF-B716E9141D43}.Release|Any CPU.ActiveCfg = Release|Any CPU
		{825C023B-134C-46F5-A9AF-B716E9141D43}.Release|Any CPU.Build.0 = Release|Any CPU
		{DE13E68E-5742-4B36-92E9-DC94051DD1EC}.Debug|Any CPU.ActiveCfg = Debug|Any CPU
		{DE13E68E-5742-4B36-92E9-DC94051DD1EC}.Debug|Any CPU.Build.0 = Debug|Any CPU
		{DE13E68E-5742-4B36-92E9-DC94051DD1EC}.Release|Any CPU.ActiveCfg = Release|Any CPU
		{DE13E68E-5742-4B36-92E9-DC94051DD1EC}.Release|Any CPU.Build.0 = Release|Any CPU
	EndGlobalSection
	GlobalSection(SolutionProperties) = preSolution
		HideSolutionNode = FALSE
	EndGlobalSection
	GlobalSection(ExtensibilityGlobals) = postSolution
		SolutionGuid = {CF81C244-8DF3-4D1B-9244-BBC680985C39}
	EndGlobalSection
EndGlobal
