
Microsoft Visual Studio Solution File, Format Version 12.00
# Visual Studio Version 17
VisualStudioVersion = 17.1.32319.34
MinimumVisualStudioVersion = 10.0.40219.1
Project("{9A19103F-16F7-4668-BE54-9A1E7A4F7556}") = "ConsoleApp1", "ConsoleApp1.csproj", "{000B546F-F764-4070-8604-E33830B5B15B}"
EndProject
Project("{9A19103F-16F7-4668-BE54-9A1E7A4F7556}") = "ConsoleApp2", "..\ConsoleApp2\ConsoleApp2.csproj", "{AADD89F2-7CFF-4D86-8D7F-3AF220C84288}"
EndProject
Global
	GlobalSection(SolutionConfigurationPlatforms) = preSolution
		Debug|Any CPU = Debug|Any CPU
		Release|Any CPU = Release|Any CPU
	EndGlobalSection
	GlobalSection(ProjectConfigurationPlatforms) = postSolution
		{000B546F-F764-4070-8604-E33830B5B15B}.Debug|Any CPU.ActiveCfg = Debug|Any CPU
		{000B546F-F764-4070-8604-E33830B5B15B}.Debug|Any CPU.Build.0 = Debug|Any CPU
		{000B546F-F764-4070-8604-E33830B5B15B}.Release|Any CPU.ActiveCfg = Release|Any CPU
		{000B546F-F764-4070-8604-E33830B5B15B}.Release|Any CPU.Build.0 = Release|Any CPU
		{AADD89F2-7CFF-4D86-8D7F-3AF220C84288}.Debug|Any CPU.ActiveCfg = Debug|Any CPU
		{AADD89F2-7CFF-4D86-8D7F-3AF220C84288}.Debug|Any CPU.Build.0 = Debug|Any CPU
		{AADD89F2-7CFF-4D86-8D7F-3AF220C84288}.Release|Any CPU.ActiveCfg = Release|Any CPU
		{AADD89F2-7CFF-4D86-8D7F-3AF220C84288}.Release|Any CPU.Build.0 = Release|Any CPU
	EndGlobalSection
	GlobalSection(SolutionProperties) = preSolution
		HideSolutionNode = FALSE
	EndGlobalSection
	GlobalSection(ExtensibilityGlobals) = postSolution
		SolutionGuid = {E1EB295F-D479-4158-B204-68F6BDD1EF61}
	EndGlobalSection
EndGlobal
