
Microsoft Visual Studio Solution File, Format Version 12.00
# Visual Studio Version 17
VisualStudioVersion = 17.1.32210.238
MinimumVisualStudioVersion = 10.0.40219.1
Project("{9A19103F-16F7-4668-BE54-9A1E7A4F7556}") = "ConsoleApp1", "ConsoleApp1.csproj", "{553839AF-ED51-4D01-864F-697F17A73CA9}"
EndProject
Project("{FAE04EC0-301F-11D3-BF4B-00C04F79EFBC}") = "WinFormsApp1", "..\WinFormsApp1\WinFormsApp1.csproj", "{B8662EC8-4468-4F4D-8C9D-4F0513BC2252}"
EndProject
Global
	GlobalSection(SolutionConfigurationPlatforms) = preSolution
		Debug|Any CPU = Debug|Any CPU
		Release|Any CPU = Release|Any CPU
	EndGlobalSection
	GlobalSection(ProjectConfigurationPlatforms) = postSolution
		{553839AF-ED51-4D01-864F-697F17A73CA9}.Debug|Any CPU.ActiveCfg = Debug|Any CPU
		{553839AF-ED51-4D01-864F-697F17A73CA9}.Debug|Any CPU.Build.0 = Debug|Any CPU
		{553839AF-ED51-4D01-864F-697F17A73CA9}.Release|Any CPU.ActiveCfg = Release|Any CPU
		{553839AF-ED51-4D01-864F-697F17A73CA9}.Release|Any CPU.Build.0 = Release|Any CPU
		{B8662EC8-4468-4F4D-8C9D-4F0513BC2252}.Debug|Any CPU.ActiveCfg = Debug|Any CPU
		{B8662EC8-4468-4F4D-8C9D-4F0513BC2252}.Debug|Any CPU.Build.0 = Debug|Any CPU
		{B8662EC8-4468-4F4D-8C9D-4F0513BC2252}.Release|Any CPU.ActiveCfg = Release|Any CPU
		{B8662EC8-4468-4F4D-8C9D-4F0513BC2252}.Release|Any CPU.Build.0 = Release|Any CPU
	EndGlobalSection
	GlobalSection(SolutionProperties) = preSolution
		HideSolutionNode = FALSE
	EndGlobalSection
	GlobalSection(ExtensibilityGlobals) = postSolution
		SolutionGuid = {29601DDA-EE02-4DAC-84FA-5819AD9C00DD}
	EndGlobalSection
EndGlobal
